
Microsoft Visual Studio Solution File, Format Version 12.00
# Visual Studio 2012
Project("{FAE04EC0-301F-11D3-BF4B-00C04F79EFBC}") = "DataAccessLayer.Tests", "Tests\DataAccessLayer.Tests.csproj", "{FD444918-C08B-423F-8255-CD8DFD2EADF6}"
EndProject
Project("{2150E333-8FDC-42A3-9474-1A3956D46DE8}") = "Solution Items", "Solution Items", "{88B3DA3C-24A9-488C-98FC-317231815BCC}"
	ProjectSection(SolutionItems) = preProject
		nuget.config = nuget.config
		StationsList.txt = StationsList.txt
	EndProjectSection
EndProject
Project("{FAE04EC0-301F-11D3-BF4B-00C04F79EFBC}") = "Model", "Model\Model.csproj", "{CE41CABC-2334-4D0A-BC97-A83A319EBE4F}"
EndProject
Project("{FAE04EC0-301F-11D3-BF4B-00C04F79EFBC}") = "DataAccessLayer", "DataAccessLayer\DataAccessLayer.csproj", "{218A75F1-D2AF-4D5B-817B-A27FADBC12B9}"
EndProject
Global
	GlobalSection(SolutionConfigurationPlatforms) = preSolution
		Debug|Any CPU = Debug|Any CPU
		Release|Any CPU = Release|Any CPU
	EndGlobalSection
	GlobalSection(ProjectConfigurationPlatforms) = postSolution
		{FD444918-C08B-423F-8255-CD8DFD2EADF6}.Debug|Any CPU.ActiveCfg = Debug|Any CPU
		{FD444918-C08B-423F-8255-CD8DFD2EADF6}.Debug|Any CPU.Build.0 = Debug|Any CPU
		{FD444918-C08B-423F-8255-CD8DFD2EADF6}.Release|Any CPU.ActiveCfg = Release|Any CPU
		{FD444918-C08B-423F-8255-CD8DFD2EADF6}.Release|Any CPU.Build.0 = Release|Any CPU
		{CE41CABC-2334-4D0A-BC97-A83A319EBE4F}.Debug|Any CPU.ActiveCfg = Debug|Any CPU
		{CE41CABC-2334-4D0A-BC97-A83A319EBE4F}.Debug|Any CPU.Build.0 = Debug|Any CPU
		{CE41CABC-2334-4D0A-BC97-A83A319EBE4F}.Release|Any CPU.ActiveCfg = Release|Any CPU
		{CE41CABC-2334-4D0A-BC97-A83A319EBE4F}.Release|Any CPU.Build.0 = Release|Any CPU
		{218A75F1-D2AF-4D5B-817B-A27FADBC12B9}.Debug|Any CPU.ActiveCfg = Debug|Any CPU
		{218A75F1-D2AF-4D5B-817B-A27FADBC12B9}.Debug|Any CPU.Build.0 = Debug|Any CPU
		{218A75F1-D2AF-4D5B-817B-A27FADBC12B9}.Release|Any CPU.ActiveCfg = Release|Any CPU
		{218A75F1-D2AF-4D5B-817B-A27FADBC12B9}.Release|Any CPU.Build.0 = Release|Any CPU
	EndGlobalSection
	GlobalSection(SolutionProperties) = preSolution
		HideSolutionNode = FALSE
	EndGlobalSection
EndGlobal
